
Microsoft Visual Studio Solution File, Format Version 12.00
# Visual Studio Version 17
VisualStudioVersion = 17.3.32929.385
MinimumVisualStudioVersion = 10.0.40219.1
Project("{9A19103F-16F7-4668-BE54-9A1E7A4F7556}") = "Curs 4", "GC-.NET_Core\Curs 4.csproj", "{910C730C-E069-42F9-B237-930B238A6A62}"
EndProject
Project("{9A19103F-16F7-4668-BE54-9A1E7A4F7556}") = "CustomGCMethods", "CustomGCMethods\CustomGCMethods.csproj", "{8D6CBFEB-0A28-44EE-963B-98DB87CABCD3}"
EndProject
Project("{9A19103F-16F7-4668-BE54-9A1E7A4F7556}") = "Curs5", "Curs5\Curs5.csproj", "{24C80790-083A-4584-B683-CEA979271A73}"
EndProject
Project("{2150E333-8FDC-42A3-9474-1A3956D46DE8}") = "Tests", "Tests", "{C0FEF15C-43A8-4BCA-A7EB-9C16FF70E12C}"
EndProject
Project("{9A19103F-16F7-4668-BE54-9A1E7A4F7556}") = "Curs5Tests", "Curs5Tests\Curs5Tests.csproj", "{C6EE3C15-0211-4E27-AB90-159D90C12DD2}"
EndProject
Project("{9A19103F-16F7-4668-BE54-9A1E7A4F7556}") = "Curs6", "Curs6\Curs6.csproj", "{B42A85C1-A1FC-4273-8750-DBF05A7F9A26}"
EndProject
Project("{9A19103F-16F7-4668-BE54-9A1E7A4F7556}") = "Curs7", "Curs7\Curs7.csproj", "{FD28AD46-AA3F-4FA5-B84B-E20D8893310C}"
EndProject
Project("{9A19103F-16F7-4668-BE54-9A1E7A4F7556}") = "Curs8", "Curs8\Curs8.csproj", "{71753EA5-4606-4612-A44A-3F3F996AA9E6}"
EndProject
Project("{9A19103F-16F7-4668-BE54-9A1E7A4F7556}") = "Curs9", "Curs9\Curs9.csproj", "{F2F8F832-5593-47DF-BDC3-B0959B4D84C2}"
EndProject
Project("{FAE04EC0-301F-11D3-BF4B-00C04F79EFBC}") = "Curs10", "Curs10\Curs10.csproj", "{C21BA898-A3A1-400E-80DF-3FE693312AD0}"
EndProject
Global
	GlobalSection(SolutionConfigurationPlatforms) = preSolution
		Debug|Any CPU = Debug|Any CPU
		Release|Any CPU = Release|Any CPU
	EndGlobalSection
	GlobalSection(ProjectConfigurationPlatforms) = postSolution
		{910C730C-E069-42F9-B237-930B238A6A62}.Debug|Any CPU.ActiveCfg = Debug|Any CPU
		{910C730C-E069-42F9-B237-930B238A6A62}.Debug|Any CPU.Build.0 = Debug|Any CPU
		{910C730C-E069-42F9-B237-930B238A6A62}.Release|Any CPU.ActiveCfg = Release|Any CPU
		{910C730C-E069-42F9-B237-930B238A6A62}.Release|Any CPU.Build.0 = Release|Any CPU
		{8D6CBFEB-0A28-44EE-963B-98DB87CABCD3}.Debug|Any CPU.ActiveCfg = Debug|Any CPU
		{8D6CBFEB-0A28-44EE-963B-98DB87CABCD3}.Debug|Any CPU.Build.0 = Debug|Any CPU
		{8D6CBFEB-0A28-44EE-963B-98DB87CABCD3}.Release|Any CPU.ActiveCfg = Release|Any CPU
		{8D6CBFEB-0A28-44EE-963B-98DB87CABCD3}.Release|Any CPU.Build.0 = Release|Any CPU
		{24C80790-083A-4584-B683-CEA979271A73}.Debug|Any CPU.ActiveCfg = Debug|Any CPU
		{24C80790-083A-4584-B683-CEA979271A73}.Debug|Any CPU.Build.0 = Debug|Any CPU
		{24C80790-083A-4584-B683-CEA979271A73}.Release|Any CPU.ActiveCfg = Release|Any CPU
		{24C80790-083A-4584-B683-CEA979271A73}.Release|Any CPU.Build.0 = Release|Any CPU
		{C6EE3C15-0211-4E27-AB90-159D90C12DD2}.Debug|Any CPU.ActiveCfg = Debug|Any CPU
		{C6EE3C15-0211-4E27-AB90-159D90C12DD2}.Debug|Any CPU.Build.0 = Debug|Any CPU
		{C6EE3C15-0211-4E27-AB90-159D90C12DD2}.Release|Any CPU.ActiveCfg = Release|Any CPU
		{C6EE3C15-0211-4E27-AB90-159D90C12DD2}.Release|Any CPU.Build.0 = Release|Any CPU
		{B42A85C1-A1FC-4273-8750-DBF05A7F9A26}.Debug|Any CPU.ActiveCfg = Debug|Any CPU
		{B42A85C1-A1FC-4273-8750-DBF05A7F9A26}.Debug|Any CPU.Build.0 = Debug|Any CPU
		{B42A85C1-A1FC-4273-8750-DBF05A7F9A26}.Release|Any CPU.ActiveCfg = Release|Any CPU
		{B42A85C1-A1FC-4273-8750-DBF05A7F9A26}.Release|Any CPU.Build.0 = Release|Any CPU
		{FD28AD46-AA3F-4FA5-B84B-E20D8893310C}.Debug|Any CPU.ActiveCfg = Debug|Any CPU
		{FD28AD46-AA3F-4FA5-B84B-E20D8893310C}.Debug|Any CPU.Build.0 = Debug|Any CPU
		{FD28AD46-AA3F-4FA5-B84B-E20D8893310C}.Release|Any CPU.ActiveCfg = Release|Any CPU
		{FD28AD46-AA3F-4FA5-B84B-E20D8893310C}.Release|Any CPU.Build.0 = Release|Any CPU
		{71753EA5-4606-4612-A44A-3F3F996AA9E6}.Debug|Any CPU.ActiveCfg = Debug|Any CPU
		{71753EA5-4606-4612-A44A-3F3F996AA9E6}.Debug|Any CPU.Build.0 = Debug|Any CPU
		{71753EA5-4606-4612-A44A-3F3F996AA9E6}.Release|Any CPU.ActiveCfg = Release|Any CPU
		{71753EA5-4606-4612-A44A-3F3F996AA9E6}.Release|Any CPU.Build.0 = Release|Any CPU
		{F2F8F832-5593-47DF-BDC3-B0959B4D84C2}.Debug|Any CPU.ActiveCfg = Debug|Any CPU
		{F2F8F832-5593-47DF-BDC3-B0959B4D84C2}.Debug|Any CPU.Build.0 = Debug|Any CPU
		{F2F8F832-5593-47DF-BDC3-B0959B4D84C2}.Release|Any CPU.ActiveCfg = Release|Any CPU
		{F2F8F832-5593-47DF-BDC3-B0959B4D84C2}.Release|Any CPU.Build.0 = Release|Any CPU
		{C21BA898-A3A1-400E-80DF-3FE693312AD0}.Debug|Any CPU.ActiveCfg = Debug|Any CPU
		{C21BA898-A3A1-400E-80DF-3FE693312AD0}.Debug|Any CPU.Build.0 = Debug|Any CPU
		{C21BA898-A3A1-400E-80DF-3FE693312AD0}.Release|Any CPU.ActiveCfg = Release|Any CPU
		{C21BA898-A3A1-400E-80DF-3FE693312AD0}.Release|Any CPU.Build.0 = Release|Any CPU
	EndGlobalSection
	GlobalSection(SolutionProperties) = preSolution
		HideSolutionNode = FALSE
	EndGlobalSection
	GlobalSection(NestedProjects) = preSolution
		{C6EE3C15-0211-4E27-AB90-159D90C12DD2} = {C0FEF15C-43A8-4BCA-A7EB-9C16FF70E12C}
	EndGlobalSection
	GlobalSection(ExtensibilityGlobals) = postSolution
		SolutionGuid = {18F8E501-8798-4E77-A533-BDAE089E7D95}
	EndGlobalSection
EndGlobal
